// !$*UTF8*$!
{
	archiveVersion = 1;
	classes = {
	};
	objectVersion = 50;
	objects = {

/* Begin PBXBuildFile section */
		09EE731126681AC000AA3880 /* AppDelegate.swift in Sources */ = {isa = PBXBuildFile; fileRef = 09EE731026681AC000AA3880 /* AppDelegate.swift */; };
		09EE731326681AC000AA3880 /* SceneDelegate.swift in Sources */ = {isa = PBXBuildFile; fileRef = 09EE731226681AC000AA3880 /* SceneDelegate.swift */; };
		09EE731526681AC000AA3880 /* MainViewController.swift in Sources */ = {isa = PBXBuildFile; fileRef = 09EE731426681AC000AA3880 /* MainViewController.swift */; };
		09EE731826681AC000AA3880 /* Main.storyboard in Resources */ = {isa = PBXBuildFile; fileRef = 09EE731626681AC000AA3880 /* Main.storyboard */; };
		09EE731A26681AC300AA3880 /* Assets.xcassets in Resources */ = {isa = PBXBuildFile; fileRef = 09EE731926681AC300AA3880 /* Assets.xcassets */; };
		09EE731D26681AC300AA3880 /* LaunchScreen.storyboard in Resources */ = {isa = PBXBuildFile; fileRef = 09EE731B26681AC300AA3880 /* LaunchScreen.storyboard */; };
		09EE732826681AC300AA3880 /* TestAppTests.swift in Sources */ = {isa = PBXBuildFile; fileRef = 09EE732726681AC300AA3880 /* TestAppTests.swift */; };
		09EE733326681AC300AA3880 /* TestAppUITests.swift in Sources */ = {isa = PBXBuildFile; fileRef = 09EE733226681AC300AA3880 /* TestAppUITests.swift */; };
		09EE73412669523A00AA3880 /* TodayViewController.swift in Sources */ = {isa = PBXBuildFile; fileRef = 09EE73402669523A00AA3880 /* TodayViewController.swift */; };
		09EE73432669525600AA3880 /* ForecastViewController.swift in Sources */ = {isa = PBXBuildFile; fileRef = 09EE73422669525600AA3880 /* ForecastViewController.swift */; };
		09EE734B26695DB500AA3880 /* Weather.swift in Sources */ = {isa = PBXBuildFile; fileRef = 09EE734A26695DB500AA3880 /* Weather.swift */; };
		09EE734D266D44C000AA3880 /* Constants.swift in Sources */ = {isa = PBXBuildFile; fileRef = 09EE734C266D44C000AA3880 /* Constants.swift */; };
		09EE734F266D45C300AA3880 /* URLBuilder.swift in Sources */ = {isa = PBXBuildFile; fileRef = 09EE734E266D45C300AA3880 /* URLBuilder.swift */; };
		09EE7351266D48D700AA3880 /* APIHandler.swift in Sources */ = {isa = PBXBuildFile; fileRef = 09EE7350266D48D700AA3880 /* APIHandler.swift */; };
		09EE7353266D4BF000AA3880 /* Alert.swift in Sources */ = {isa = PBXBuildFile; fileRef = 09EE7352266D4BF000AA3880 /* Alert.swift */; };
		09EE7355266D4E9D00AA3880 /* Storage.swift in Sources */ = {isa = PBXBuildFile; fileRef = 09EE7354266D4E9D00AA3880 /* Storage.swift */; };
		09EE7357266D50C200AA3880 /* DataHandler.swift in Sources */ = {isa = PBXBuildFile; fileRef = 09EE7356266D50C200AA3880 /* DataHandler.swift */; };
		09EE735A266EA45E00AA3880 /* LocationManagerDelegate.swift in Sources */ = {isa = PBXBuildFile; fileRef = 09EE7359266EA45E00AA3880 /* LocationManagerDelegate.swift */; };
		09EE735C266F1CB100AA3880 /* UIView.swift in Sources */ = {isa = PBXBuildFile; fileRef = 09EE735B266F1CB100AA3880 /* UIView.swift */; };
		09EE735F266F236400AA3880 /* TemperatureCell.swift in Sources */ = {isa = PBXBuildFile; fileRef = 09EE735E266F236400AA3880 /* TemperatureCell.swift */; };
		09EE7361266F237800AA3880 /* TemperatureCellModel.swift in Sources */ = {isa = PBXBuildFile; fileRef = 09EE7360266F237800AA3880 /* TemperatureCellModel.swift */; };
		09EE7363266F24D600AA3880 /* ViewModel.swift in Sources */ = {isa = PBXBuildFile; fileRef = 09EE7362266F24D600AA3880 /* ViewModel.swift */; };
		09EE7365266FF47900AA3880 /* TableViewCellModel.swift in Sources */ = {isa = PBXBuildFile; fileRef = 09EE7364266FF47900AA3880 /* TableViewCellModel.swift */; };
		09EE7368266FF5AD00AA3880 /* DailyCell.swift in Sources */ = {isa = PBXBuildFile; fileRef = 09EE7367266FF5AD00AA3880 /* DailyCell.swift */; };
		09EE736A266FF5C000AA3880 /* DailyCellModel.swift in Sources */ = {isa = PBXBuildFile; fileRef = 09EE7369266FF5C000AA3880 /* DailyCellModel.swift */; };
		09EE736D266FFF6800AA3880 /* TodayCell.swift in Sources */ = {isa = PBXBuildFile; fileRef = 09EE736C266FFF6800AA3880 /* TodayCell.swift */; };
		09EE736F266FFF7600AA3880 /* TodayCellModel.swift in Sources */ = {isa = PBXBuildFile; fileRef = 09EE736E266FFF7600AA3880 /* TodayCellModel.swift */; };
		09EE7372267290E400AA3880 /* DescritpionCell.swift in Sources */ = {isa = PBXBuildFile; fileRef = 09EE7371267290E400AA3880 /* DescritpionCell.swift */; };
		09EE7374267290F600AA3880 /* DescriptionCellModel.swift in Sources */ = {isa = PBXBuildFile; fileRef = 09EE7373267290F600AA3880 /* DescriptionCellModel.swift */; };
		09EE7377267295C800AA3880 /* CurrentWeatherCell.swift in Sources */ = {isa = PBXBuildFile; fileRef = 09EE7376267295C800AA3880 /* CurrentWeatherCell.swift */; };
		09EE7379267295D700AA3880 /* CurrentWeatherCellModel.swift in Sources */ = {isa = PBXBuildFile; fileRef = 09EE7378267295D700AA3880 /* CurrentWeatherCellModel.swift */; };
/* End PBXBuildFile section */

/* Begin PBXContainerItemProxy section */
		09EE732426681AC300AA3880 /* PBXContainerItemProxy */ = {
			isa = PBXContainerItemProxy;
			containerPortal = 09EE730526681AC000AA3880 /* Project object */;
			proxyType = 1;
			remoteGlobalIDString = 09EE730C26681AC000AA3880;
			remoteInfo = TestApp;
		};
		09EE732F26681AC300AA3880 /* PBXContainerItemProxy */ = {
			isa = PBXContainerItemProxy;
			containerPortal = 09EE730526681AC000AA3880 /* Project object */;
			proxyType = 1;
			remoteGlobalIDString = 09EE730C26681AC000AA3880;
			remoteInfo = TestApp;
		};
/* End PBXContainerItemProxy section */

/* Begin PBXFileReference section */
		09EE730D26681AC000AA3880 /* TestApp.app */ = {isa = PBXFileReference; explicitFileType = wrapper.application; includeInIndex = 0; path = TestApp.app; sourceTree = BUILT_PRODUCTS_DIR; };
		09EE731026681AC000AA3880 /* AppDelegate.swift */ = {isa = PBXFileReference; lastKnownFileType = sourcecode.swift; path = AppDelegate.swift; sourceTree = "<group>"; };
		09EE731226681AC000AA3880 /* SceneDelegate.swift */ = {isa = PBXFileReference; lastKnownFileType = sourcecode.swift; path = SceneDelegate.swift; sourceTree = "<group>"; };
		09EE731426681AC000AA3880 /* MainViewController.swift */ = {isa = PBXFileReference; lastKnownFileType = sourcecode.swift; path = MainViewController.swift; sourceTree = "<group>"; };
		09EE731726681AC000AA3880 /* Base */ = {isa = PBXFileReference; lastKnownFileType = file.storyboard; name = Base; path = Base.lproj/Main.storyboard; sourceTree = "<group>"; };
		09EE731926681AC300AA3880 /* Assets.xcassets */ = {isa = PBXFileReference; lastKnownFileType = folder.assetcatalog; path = Assets.xcassets; sourceTree = "<group>"; };
		09EE731C26681AC300AA3880 /* Base */ = {isa = PBXFileReference; lastKnownFileType = file.storyboard; name = Base; path = Base.lproj/LaunchScreen.storyboard; sourceTree = "<group>"; };
		09EE731E26681AC300AA3880 /* Info.plist */ = {isa = PBXFileReference; lastKnownFileType = text.plist.xml; path = Info.plist; sourceTree = "<group>"; };
		09EE732326681AC300AA3880 /* TestAppTests.xctest */ = {isa = PBXFileReference; explicitFileType = wrapper.cfbundle; includeInIndex = 0; path = TestAppTests.xctest; sourceTree = BUILT_PRODUCTS_DIR; };
		09EE732726681AC300AA3880 /* TestAppTests.swift */ = {isa = PBXFileReference; lastKnownFileType = sourcecode.swift; path = TestAppTests.swift; sourceTree = "<group>"; };
		09EE732926681AC300AA3880 /* Info.plist */ = {isa = PBXFileReference; lastKnownFileType = text.plist.xml; path = Info.plist; sourceTree = "<group>"; };
		09EE732E26681AC300AA3880 /* TestAppUITests.xctest */ = {isa = PBXFileReference; explicitFileType = wrapper.cfbundle; includeInIndex = 0; path = TestAppUITests.xctest; sourceTree = BUILT_PRODUCTS_DIR; };
		09EE733226681AC300AA3880 /* TestAppUITests.swift */ = {isa = PBXFileReference; lastKnownFileType = sourcecode.swift; path = TestAppUITests.swift; sourceTree = "<group>"; };
		09EE733426681AC300AA3880 /* Info.plist */ = {isa = PBXFileReference; lastKnownFileType = text.plist.xml; path = Info.plist; sourceTree = "<group>"; };
		09EE73402669523A00AA3880 /* TodayViewController.swift */ = {isa = PBXFileReference; lastKnownFileType = sourcecode.swift; path = TodayViewController.swift; sourceTree = "<group>"; };
		09EE73422669525600AA3880 /* ForecastViewController.swift */ = {isa = PBXFileReference; lastKnownFileType = sourcecode.swift; path = ForecastViewController.swift; sourceTree = "<group>"; };
		09EE734A26695DB500AA3880 /* Weather.swift */ = {isa = PBXFileReference; lastKnownFileType = sourcecode.swift; path = Weather.swift; sourceTree = "<group>"; };
		09EE734C266D44C000AA3880 /* Constants.swift */ = {isa = PBXFileReference; lastKnownFileType = sourcecode.swift; path = Constants.swift; sourceTree = "<group>"; };
		09EE734E266D45C300AA3880 /* URLBuilder.swift */ = {isa = PBXFileReference; lastKnownFileType = sourcecode.swift; path = URLBuilder.swift; sourceTree = "<group>"; };
		09EE7350266D48D700AA3880 /* APIHandler.swift */ = {isa = PBXFileReference; lastKnownFileType = sourcecode.swift; path = APIHandler.swift; sourceTree = "<group>"; };
		09EE7352266D4BF000AA3880 /* Alert.swift */ = {isa = PBXFileReference; lastKnownFileType = sourcecode.swift; path = Alert.swift; sourceTree = "<group>"; };
		09EE7354266D4E9D00AA3880 /* Storage.swift */ = {isa = PBXFileReference; lastKnownFileType = sourcecode.swift; path = Storage.swift; sourceTree = "<group>"; };
		09EE7356266D50C200AA3880 /* DataHandler.swift */ = {isa = PBXFileReference; lastKnownFileType = sourcecode.swift; path = DataHandler.swift; sourceTree = "<group>"; };
		09EE7359266EA45E00AA3880 /* LocationManagerDelegate.swift */ = {isa = PBXFileReference; lastKnownFileType = sourcecode.swift; path = LocationManagerDelegate.swift; sourceTree = "<group>"; };
		09EE735B266F1CB100AA3880 /* UIView.swift */ = {isa = PBXFileReference; lastKnownFileType = sourcecode.swift; path = UIView.swift; sourceTree = "<group>"; };
		09EE735E266F236400AA3880 /* TemperatureCell.swift */ = {isa = PBXFileReference; lastKnownFileType = sourcecode.swift; path = TemperatureCell.swift; sourceTree = "<group>"; };
		09EE7360266F237800AA3880 /* TemperatureCellModel.swift */ = {isa = PBXFileReference; lastKnownFileType = sourcecode.swift; path = TemperatureCellModel.swift; sourceTree = "<group>"; };
		09EE7362266F24D600AA3880 /* ViewModel.swift */ = {isa = PBXFileReference; lastKnownFileType = sourcecode.swift; path = ViewModel.swift; sourceTree = "<group>"; };
		09EE7364266FF47900AA3880 /* TableViewCellModel.swift */ = {isa = PBXFileReference; lastKnownFileType = sourcecode.swift; path = TableViewCellModel.swift; sourceTree = "<group>"; };
		09EE7367266FF5AD00AA3880 /* DailyCell.swift */ = {isa = PBXFileReference; lastKnownFileType = sourcecode.swift; path = DailyCell.swift; sourceTree = "<group>"; };
		09EE7369266FF5C000AA3880 /* DailyCellModel.swift */ = {isa = PBXFileReference; lastKnownFileType = sourcecode.swift; path = DailyCellModel.swift; sourceTree = "<group>"; };
		09EE736C266FFF6800AA3880 /* TodayCell.swift */ = {isa = PBXFileReference; lastKnownFileType = sourcecode.swift; path = TodayCell.swift; sourceTree = "<group>"; };
		09EE736E266FFF7600AA3880 /* TodayCellModel.swift */ = {isa = PBXFileReference; lastKnownFileType = sourcecode.swift; path = TodayCellModel.swift; sourceTree = "<group>"; };
		09EE7371267290E400AA3880 /* DescritpionCell.swift */ = {isa = PBXFileReference; lastKnownFileType = sourcecode.swift; path = DescritpionCell.swift; sourceTree = "<group>"; };
		09EE7373267290F600AA3880 /* DescriptionCellModel.swift */ = {isa = PBXFileReference; lastKnownFileType = sourcecode.swift; path = DescriptionCellModel.swift; sourceTree = "<group>"; };
		09EE7376267295C800AA3880 /* CurrentWeatherCell.swift */ = {isa = PBXFileReference; lastKnownFileType = sourcecode.swift; path = CurrentWeatherCell.swift; sourceTree = "<group>"; };
		09EE7378267295D700AA3880 /* CurrentWeatherCellModel.swift */ = {isa = PBXFileReference; lastKnownFileType = sourcecode.swift; path = CurrentWeatherCellModel.swift; sourceTree = "<group>"; };
/* End PBXFileReference section */

/* Begin PBXFrameworksBuildPhase section */
		09EE730A26681AC000AA3880 /* Frameworks */ = {
			isa = PBXFrameworksBuildPhase;
			buildActionMask = 2147483647;
			files = (
			);
			runOnlyForDeploymentPostprocessing = 0;
		};
		09EE732026681AC300AA3880 /* Frameworks */ = {
			isa = PBXFrameworksBuildPhase;
			buildActionMask = 2147483647;
			files = (
			);
			runOnlyForDeploymentPostprocessing = 0;
		};
		09EE732B26681AC300AA3880 /* Frameworks */ = {
			isa = PBXFrameworksBuildPhase;
			buildActionMask = 2147483647;
			files = (
			);
			runOnlyForDeploymentPostprocessing = 0;
		};
/* End PBXFrameworksBuildPhase section */

/* Begin PBXGroup section */
		09EE730426681AC000AA3880 = {
			isa = PBXGroup;
			children = (
				09EE730F26681AC000AA3880 /* TestApp */,
				09EE732626681AC300AA3880 /* TestAppTests */,
				09EE733126681AC300AA3880 /* TestAppUITests */,
				09EE730E26681AC000AA3880 /* Products */,
			);
			sourceTree = "<group>";
		};
		09EE730E26681AC000AA3880 /* Products */ = {
			isa = PBXGroup;
			children = (
				09EE730D26681AC000AA3880 /* TestApp.app */,
				09EE732326681AC300AA3880 /* TestAppTests.xctest */,
				09EE732E26681AC300AA3880 /* TestAppUITests.xctest */,
			);
			name = Products;
			sourceTree = "<group>";
		};
		09EE730F26681AC000AA3880 /* TestApp */ = {
			isa = PBXGroup;
			children = (
				09EE734526695C3C00AA3880 /* Model */,
				09EE734626695C4500AA3880 /* ViewModel */,
				09EE73442669525E00AA3880 /* View */,
				09EE734726695C6D00AA3880 /* NetworkService */,
				09EE734826695C8900AA3880 /* Common files */,
				09EE734926695C9900AA3880 /* Storage */,
				09EE7358266EA3D900AA3880 /* Delegates */,
				09EE731226681AC000AA3880 /* SceneDelegate.swift */,
				09EE731026681AC000AA3880 /* AppDelegate.swift */,
				09EE731E26681AC300AA3880 /* Info.plist */,
				09EE731B26681AC300AA3880 /* LaunchScreen.storyboard */,
				09EE731926681AC300AA3880 /* Assets.xcassets */,
				09EE731626681AC000AA3880 /* Main.storyboard */,
			);
			path = TestApp;
			sourceTree = "<group>";
		};
		09EE732626681AC300AA3880 /* TestAppTests */ = {
			isa = PBXGroup;
			children = (
				09EE732726681AC300AA3880 /* TestAppTests.swift */,
				09EE732926681AC300AA3880 /* Info.plist */,
			);
			path = TestAppTests;
			sourceTree = "<group>";
		};
		09EE733126681AC300AA3880 /* TestAppUITests */ = {
			isa = PBXGroup;
			children = (
				09EE733226681AC300AA3880 /* TestAppUITests.swift */,
				09EE733426681AC300AA3880 /* Info.plist */,
			);
			path = TestAppUITests;
			sourceTree = "<group>";
		};
		09EE73442669525E00AA3880 /* View */ = {
			isa = PBXGroup;
			children = (
				09EE7370267290CA00AA3880 /* Description */,
				09EE736B266FFF5000AA3880 /* TodayWeather */,
				09EE7366266FF59A00AA3880 /* Daily */,
				09EE735D266F234F00AA3880 /* Temperature */,
				09EE73752672959700AA3880 /* CurrentWeather */,
				09EE731426681AC000AA3880 /* MainViewController.swift */,
				09EE73402669523A00AA3880 /* TodayViewController.swift */,
				09EE73422669525600AA3880 /* ForecastViewController.swift */,
			);
			path = View;
			sourceTree = "<group>";
		};
		09EE734526695C3C00AA3880 /* Model */ = {
			isa = PBXGroup;
			children = (
				09EE734A26695DB500AA3880 /* Weather.swift */,
			);
			path = Model;
			sourceTree = "<group>";
		};
		09EE734626695C4500AA3880 /* ViewModel */ = {
			isa = PBXGroup;
			children = (
				09EE7362266F24D600AA3880 /* ViewModel.swift */,
			);
			path = ViewModel;
			sourceTree = "<group>";
		};
		09EE734726695C6D00AA3880 /* NetworkService */ = {
			isa = PBXGroup;
			children = (
				09EE734E266D45C300AA3880 /* URLBuilder.swift */,
				09EE7350266D48D700AA3880 /* APIHandler.swift */,
				09EE7356266D50C200AA3880 /* DataHandler.swift */,
			);
			path = NetworkService;
			sourceTree = "<group>";
		};
		09EE734826695C8900AA3880 /* Common files */ = {
			isa = PBXGroup;
			children = (
				09EE734C266D44C000AA3880 /* Constants.swift */,
				09EE7352266D4BF000AA3880 /* Alert.swift */,
				09EE735B266F1CB100AA3880 /* UIView.swift */,
				09EE7364266FF47900AA3880 /* TableViewCellModel.swift */,
			);
			path = "Common files";
			sourceTree = "<group>";
		};
		09EE734926695C9900AA3880 /* Storage */ = {
			isa = PBXGroup;
			children = (
				09EE7354266D4E9D00AA3880 /* Storage.swift */,
			);
			path = Storage;
			sourceTree = "<group>";
		};
		09EE7358266EA3D900AA3880 /* Delegates */ = {
			isa = PBXGroup;
			children = (
				09EE7359266EA45E00AA3880 /* LocationManagerDelegate.swift */,
			);
			path = Delegates;
			sourceTree = "<group>";
		};
		09EE735D266F234F00AA3880 /* Temperature */ = {
			isa = PBXGroup;
			children = (
				09EE735E266F236400AA3880 /* TemperatureCell.swift */,
				09EE7360266F237800AA3880 /* TemperatureCellModel.swift */,
			);
			path = Temperature;
			sourceTree = "<group>";
		};
		09EE7366266FF59A00AA3880 /* Daily */ = {
			isa = PBXGroup;
			children = (
				09EE7367266FF5AD00AA3880 /* DailyCell.swift */,
				09EE7369266FF5C000AA3880 /* DailyCellModel.swift */,
			);
			path = Daily;
			sourceTree = "<group>";
		};
		09EE736B266FFF5000AA3880 /* TodayWeather */ = {
			isa = PBXGroup;
			children = (
				09EE736C266FFF6800AA3880 /* TodayCell.swift */,
				09EE736E266FFF7600AA3880 /* TodayCellModel.swift */,
			);
			path = TodayWeather;
			sourceTree = "<group>";
		};
		09EE7370267290CA00AA3880 /* Description */ = {
			isa = PBXGroup;
			children = (
				09EE7371267290E400AA3880 /* DescritpionCell.swift */,
				09EE7373267290F600AA3880 /* DescriptionCellModel.swift */,
			);
			path = Description;
			sourceTree = "<group>";
		};
		09EE73752672959700AA3880 /* CurrentWeather */ = {
			isa = PBXGroup;
			children = (
				09EE7376267295C800AA3880 /* CurrentWeatherCell.swift */,
				09EE7378267295D700AA3880 /* CurrentWeatherCellModel.swift */,
			);
			path = CurrentWeather;
			sourceTree = "<group>";
		};
/* End PBXGroup section */

/* Begin PBXNativeTarget section */
		09EE730C26681AC000AA3880 /* TestApp */ = {
			isa = PBXNativeTarget;
			buildConfigurationList = 09EE733726681AC300AA3880 /* Build configuration list for PBXNativeTarget "TestApp" */;
			buildPhases = (
				09EE730926681AC000AA3880 /* Sources */,
				09EE730A26681AC000AA3880 /* Frameworks */,
				09EE730B26681AC000AA3880 /* Resources */,
			);
			buildRules = (
			);
			dependencies = (
			);
			name = TestApp;
			productName = TestApp;
			productReference = 09EE730D26681AC000AA3880 /* TestApp.app */;
			productType = "com.apple.product-type.application";
		};
		09EE732226681AC300AA3880 /* TestAppTests */ = {
			isa = PBXNativeTarget;
			buildConfigurationList = 09EE733A26681AC300AA3880 /* Build configuration list for PBXNativeTarget "TestAppTests" */;
			buildPhases = (
				09EE731F26681AC300AA3880 /* Sources */,
				09EE732026681AC300AA3880 /* Frameworks */,
				09EE732126681AC300AA3880 /* Resources */,
			);
			buildRules = (
			);
			dependencies = (
				09EE732526681AC300AA3880 /* PBXTargetDependency */,
			);
			name = TestAppTests;
			productName = TestAppTests;
			productReference = 09EE732326681AC300AA3880 /* TestAppTests.xctest */;
			productType = "com.apple.product-type.bundle.unit-test";
		};
		09EE732D26681AC300AA3880 /* TestAppUITests */ = {
			isa = PBXNativeTarget;
			buildConfigurationList = 09EE733D26681AC300AA3880 /* Build configuration list for PBXNativeTarget "TestAppUITests" */;
			buildPhases = (
				09EE732A26681AC300AA3880 /* Sources */,
				09EE732B26681AC300AA3880 /* Frameworks */,
				09EE732C26681AC300AA3880 /* Resources */,
			);
			buildRules = (
			);
			dependencies = (
				09EE733026681AC300AA3880 /* PBXTargetDependency */,
			);
			name = TestAppUITests;
			productName = TestAppUITests;
			productReference = 09EE732E26681AC300AA3880 /* TestAppUITests.xctest */;
			productType = "com.apple.product-type.bundle.ui-testing";
		};
/* End PBXNativeTarget section */

/* Begin PBXProject section */
		09EE730526681AC000AA3880 /* Project object */ = {
			isa = PBXProject;
			attributes = {
				LastSwiftUpdateCheck = 1250;
				LastUpgradeCheck = 1250;
				TargetAttributes = {
					09EE730C26681AC000AA3880 = {
						CreatedOnToolsVersion = 12.5;
					};
					09EE732226681AC300AA3880 = {
						CreatedOnToolsVersion = 12.5;
						TestTargetID = 09EE730C26681AC000AA3880;
					};
					09EE732D26681AC300AA3880 = {
						CreatedOnToolsVersion = 12.5;
						TestTargetID = 09EE730C26681AC000AA3880;
					};
				};
			};
			buildConfigurationList = 09EE730826681AC000AA3880 /* Build configuration list for PBXProject "TestApp" */;
			compatibilityVersion = "Xcode 9.3";
			developmentRegion = en;
			hasScannedForEncodings = 0;
			knownRegions = (
				en,
				Base,
			);
			mainGroup = 09EE730426681AC000AA3880;
			productRefGroup = 09EE730E26681AC000AA3880 /* Products */;
			projectDirPath = "";
			projectRoot = "";
			targets = (
				09EE730C26681AC000AA3880 /* TestApp */,
				09EE732226681AC300AA3880 /* TestAppTests */,
				09EE732D26681AC300AA3880 /* TestAppUITests */,
			);
		};
/* End PBXProject section */

/* Begin PBXResourcesBuildPhase section */
		09EE730B26681AC000AA3880 /* Resources */ = {
			isa = PBXResourcesBuildPhase;
			buildActionMask = 2147483647;
			files = (
				09EE731D26681AC300AA3880 /* LaunchScreen.storyboard in Resources */,
				09EE731A26681AC300AA3880 /* Assets.xcassets in Resources */,
				09EE731826681AC000AA3880 /* Main.storyboard in Resources */,
			);
			runOnlyForDeploymentPostprocessing = 0;
		};
		09EE732126681AC300AA3880 /* Resources */ = {
			isa = PBXResourcesBuildPhase;
			buildActionMask = 2147483647;
			files = (
			);
			runOnlyForDeploymentPostprocessing = 0;
		};
		09EE732C26681AC300AA3880 /* Resources */ = {
			isa = PBXResourcesBuildPhase;
			buildActionMask = 2147483647;
			files = (
			);
			runOnlyForDeploymentPostprocessing = 0;
		};
/* End PBXResourcesBuildPhase section */

/* Begin PBXSourcesBuildPhase section */
		09EE730926681AC000AA3880 /* Sources */ = {
			isa = PBXSourcesBuildPhase;
			buildActionMask = 2147483647;
			files = (
				09EE73412669523A00AA3880 /* TodayViewController.swift in Sources */,
				09EE731526681AC000AA3880 /* MainViewController.swift in Sources */,
				09EE73432669525600AA3880 /* ForecastViewController.swift in Sources */,
				09EE731126681AC000AA3880 /* AppDelegate.swift in Sources */,
				09EE7361266F237800AA3880 /* TemperatureCellModel.swift in Sources */,
				09EE735A266EA45E00AA3880 /* LocationManagerDelegate.swift in Sources */,
				09EE7363266F24D600AA3880 /* ViewModel.swift in Sources */,
				09EE7357266D50C200AA3880 /* DataHandler.swift in Sources */,
				09EE7379267295D700AA3880 /* CurrentWeatherCellModel.swift in Sources */,
				09EE736D266FFF6800AA3880 /* TodayCell.swift in Sources */,
				09EE734D266D44C000AA3880 /* Constants.swift in Sources */,
				09EE7365266FF47900AA3880 /* TableViewCellModel.swift in Sources */,
				09EE736F266FFF7600AA3880 /* TodayCellModel.swift in Sources */,
				09EE734F266D45C300AA3880 /* URLBuilder.swift in Sources */,
				09EE736A266FF5C000AA3880 /* DailyCellModel.swift in Sources */,
				09EE7377267295C800AA3880 /* CurrentWeatherCell.swift in Sources */,
				09EE7351266D48D700AA3880 /* APIHandler.swift in Sources */,
				09EE734B26695DB500AA3880 /* Weather.swift in Sources */,
				09EE735C266F1CB100AA3880 /* UIView.swift in Sources */,
				09EE7368266FF5AD00AA3880 /* DailyCell.swift in Sources */,
				09EE7374267290F600AA3880 /* DescriptionCellModel.swift in Sources */,
				09EE735F266F236400AA3880 /* TemperatureCell.swift in Sources */,
				09EE7353266D4BF000AA3880 /* Alert.swift in Sources */,
				09EE731326681AC000AA3880 /* SceneDelegate.swift in Sources */,
				09EE7355266D4E9D00AA3880 /* Storage.swift in Sources */,
				09EE7372267290E400AA3880 /* DescritpionCell.swift in Sources */,
			);
			runOnlyForDeploymentPostprocessing = 0;
		};
		09EE731F26681AC300AA3880 /* Sources */ = {
			isa = PBXSourcesBuildPhase;
			buildActionMask = 2147483647;
			files = (
				09EE732826681AC300AA3880 /* TestAppTests.swift in Sources */,
			);
			runOnlyForDeploymentPostprocessing = 0;
		};
		09EE732A26681AC300AA3880 /* Sources */ = {
			isa = PBXSourcesBuildPhase;
			buildActionMask = 2147483647;
			files = (
				09EE733326681AC300AA3880 /* TestAppUITests.swift in Sources */,
			);
			runOnlyForDeploymentPostprocessing = 0;
		};
/* End PBXSourcesBuildPhase section */

/* Begin PBXTargetDependency section */
		09EE732526681AC300AA3880 /* PBXTargetDependency */ = {
			isa = PBXTargetDependency;
			target = 09EE730C26681AC000AA3880 /* TestApp */;
			targetProxy = 09EE732426681AC300AA3880 /* PBXContainerItemProxy */;
		};
		09EE733026681AC300AA3880 /* PBXTargetDependency */ = {
			isa = PBXTargetDependency;
			target = 09EE730C26681AC000AA3880 /* TestApp */;
			targetProxy = 09EE732F26681AC300AA3880 /* PBXContainerItemProxy */;
		};
/* End PBXTargetDependency section */

/* Begin PBXVariantGroup section */
		09EE731626681AC000AA3880 /* Main.storyboard */ = {
			isa = PBXVariantGroup;
			children = (
				09EE731726681AC000AA3880 /* Base */,
			);
			name = Main.storyboard;
			sourceTree = "<group>";
		};
		09EE731B26681AC300AA3880 /* LaunchScreen.storyboard */ = {
			isa = PBXVariantGroup;
			children = (
				09EE731C26681AC300AA3880 /* Base */,
			);
			name = LaunchScreen.storyboard;
			sourceTree = "<group>";
		};
/* End PBXVariantGroup section */

/* Begin XCBuildConfiguration section */
		09EE733526681AC300AA3880 /* Debug */ = {
			isa = XCBuildConfiguration;
			buildSettings = {
				ALWAYS_SEARCH_USER_PATHS = NO;
				CLANG_ANALYZER_NONNULL = YES;
				CLANG_ANALYZER_NUMBER_OBJECT_CONVERSION = YES_AGGRESSIVE;
				CLANG_CXX_LANGUAGE_STANDARD = "gnu++14";
				CLANG_CXX_LIBRARY = "libc++";
				CLANG_ENABLE_MODULES = YES;
				CLANG_ENABLE_OBJC_ARC = YES;
				CLANG_ENABLE_OBJC_WEAK = YES;
				CLANG_WARN_BLOCK_CAPTURE_AUTORELEASING = YES;
				CLANG_WARN_BOOL_CONVERSION = YES;
				CLANG_WARN_COMMA = YES;
				CLANG_WARN_CONSTANT_CONVERSION = YES;
				CLANG_WARN_DEPRECATED_OBJC_IMPLEMENTATIONS = YES;
				CLANG_WARN_DIRECT_OBJC_ISA_USAGE = YES_ERROR;
				CLANG_WARN_DOCUMENTATION_COMMENTS = YES;
				CLANG_WARN_EMPTY_BODY = YES;
				CLANG_WARN_ENUM_CONVERSION = YES;
				CLANG_WARN_INFINITE_RECURSION = YES;
				CLANG_WARN_INT_CONVERSION = YES;
				CLANG_WARN_NON_LITERAL_NULL_CONVERSION = YES;
				CLANG_WARN_OBJC_IMPLICIT_RETAIN_SELF = YES;
				CLANG_WARN_OBJC_LITERAL_CONVERSION = YES;
				CLANG_WARN_OBJC_ROOT_CLASS = YES_ERROR;
				CLANG_WARN_QUOTED_INCLUDE_IN_FRAMEWORK_HEADER = YES;
				CLANG_WARN_RANGE_LOOP_ANALYSIS = YES;
				CLANG_WARN_STRICT_PROTOTYPES = YES;
				CLANG_WARN_SUSPICIOUS_MOVE = YES;
				CLANG_WARN_UNGUARDED_AVAILABILITY = YES_AGGRESSIVE;
				CLANG_WARN_UNREACHABLE_CODE = YES;
				CLANG_WARN__DUPLICATE_METHOD_MATCH = YES;
				COPY_PHASE_STRIP = NO;
				DEBUG_INFORMATION_FORMAT = dwarf;
				ENABLE_STRICT_OBJC_MSGSEND = YES;
				ENABLE_TESTABILITY = YES;
				GCC_C_LANGUAGE_STANDARD = gnu11;
				GCC_DYNAMIC_NO_PIC = NO;
				GCC_NO_COMMON_BLOCKS = YES;
				GCC_OPTIMIZATION_LEVEL = 0;
				GCC_PREPROCESSOR_DEFINITIONS = (
					"DEBUG=1",
					"$(inherited)",
				);
				GCC_WARN_64_TO_32_BIT_CONVERSION = YES;
				GCC_WARN_ABOUT_RETURN_TYPE = YES_ERROR;
				GCC_WARN_UNDECLARED_SELECTOR = YES;
				GCC_WARN_UNINITIALIZED_AUTOS = YES_AGGRESSIVE;
				GCC_WARN_UNUSED_FUNCTION = YES;
				GCC_WARN_UNUSED_VARIABLE = YES;
				IPHONEOS_DEPLOYMENT_TARGET = 14.5;
				MTL_ENABLE_DEBUG_INFO = INCLUDE_SOURCE;
				MTL_FAST_MATH = YES;
				ONLY_ACTIVE_ARCH = YES;
				SDKROOT = iphoneos;
				SWIFT_ACTIVE_COMPILATION_CONDITIONS = DEBUG;
				SWIFT_OPTIMIZATION_LEVEL = "-Onone";
			};
			name = Debug;
		};
		09EE733626681AC300AA3880 /* Release */ = {
			isa = XCBuildConfiguration;
			buildSettings = {
				ALWAYS_SEARCH_USER_PATHS = NO;
				CLANG_ANALYZER_NONNULL = YES;
				CLANG_ANALYZER_NUMBER_OBJECT_CONVERSION = YES_AGGRESSIVE;
				CLANG_CXX_LANGUAGE_STANDARD = "gnu++14";
				CLANG_CXX_LIBRARY = "libc++";
				CLANG_ENABLE_MODULES = YES;
				CLANG_ENABLE_OBJC_ARC = YES;
				CLANG_ENABLE_OBJC_WEAK = YES;
				CLANG_WARN_BLOCK_CAPTURE_AUTORELEASING = YES;
				CLANG_WARN_BOOL_CONVERSION = YES;
				CLANG_WARN_COMMA = YES;
				CLANG_WARN_CONSTANT_CONVERSION = YES;
				CLANG_WARN_DEPRECATED_OBJC_IMPLEMENTATIONS = YES;
				CLANG_WARN_DIRECT_OBJC_ISA_USAGE = YES_ERROR;
				CLANG_WARN_DOCUMENTATION_COMMENTS = YES;
				CLANG_WARN_EMPTY_BODY = YES;
				CLANG_WARN_ENUM_CONVERSION = YES;
				CLANG_WARN_INFINITE_RECURSION = YES;
				CLANG_WARN_INT_CONVERSION = YES;
				CLANG_WARN_NON_LITERAL_NULL_CONVERSION = YES;
				CLANG_WARN_OBJC_IMPLICIT_RETAIN_SELF = YES;
				CLANG_WARN_OBJC_LITERAL_CONVERSION = YES;
				CLANG_WARN_OBJC_ROOT_CLASS = YES_ERROR;
				CLANG_WARN_QUOTED_INCLUDE_IN_FRAMEWORK_HEADER = YES;
				CLANG_WARN_RANGE_LOOP_ANALYSIS = YES;
				CLANG_WARN_STRICT_PROTOTYPES = YES;
				CLANG_WARN_SUSPICIOUS_MOVE = YES;
				CLANG_WARN_UNGUARDED_AVAILABILITY = YES_AGGRESSIVE;
				CLANG_WARN_UNREACHABLE_CODE = YES;
				CLANG_WARN__DUPLICATE_METHOD_MATCH = YES;
				COPY_PHASE_STRIP = NO;
				DEBUG_INFORMATION_FORMAT = "dwarf-with-dsym";
				ENABLE_NS_ASSERTIONS = NO;
				ENABLE_STRICT_OBJC_MSGSEND = YES;
				GCC_C_LANGUAGE_STANDARD = gnu11;
				GCC_NO_COMMON_BLOCKS = YES;
				GCC_WARN_64_TO_32_BIT_CONVERSION = YES;
				GCC_WARN_ABOUT_RETURN_TYPE = YES_ERROR;
				GCC_WARN_UNDECLARED_SELECTOR = YES;
				GCC_WARN_UNINITIALIZED_AUTOS = YES_AGGRESSIVE;
				GCC_WARN_UNUSED_FUNCTION = YES;
				GCC_WARN_UNUSED_VARIABLE = YES;
				IPHONEOS_DEPLOYMENT_TARGET = 14.5;
				MTL_ENABLE_DEBUG_INFO = NO;
				MTL_FAST_MATH = YES;
				SDKROOT = iphoneos;
				SWIFT_COMPILATION_MODE = wholemodule;
				SWIFT_OPTIMIZATION_LEVEL = "-O";
				VALIDATE_PRODUCT = YES;
			};
			name = Release;
		};
		09EE733826681AC300AA3880 /* Debug */ = {
			isa = XCBuildConfiguration;
			buildSettings = {
				ASSETCATALOG_COMPILER_APPICON_NAME = AppIcon;
				ASSETCATALOG_COMPILER_GLOBAL_ACCENT_COLOR_NAME = AccentColor;
				CODE_SIGN_STYLE = Automatic;
				DEVELOPMENT_TEAM = B9R854R4A6;
				INFOPLIST_FILE = TestApp/Info.plist;
				LD_RUNPATH_SEARCH_PATHS = (
					"$(inherited)",
					"@executable_path/Frameworks",
				);
				PRODUCT_BUNDLE_IDENTIFIER = Freelance.TestApp;
				PRODUCT_NAME = "$(TARGET_NAME)";
				SWIFT_VERSION = 5.0;
				TARGETED_DEVICE_FAMILY = "1,2";
			};
			name = Debug;
		};
		09EE733926681AC300AA3880 /* Release */ = {
			isa = XCBuildConfiguration;
			buildSettings = {
				ASSETCATALOG_COMPILER_APPICON_NAME = AppIcon;
				ASSETCATALOG_COMPILER_GLOBAL_ACCENT_COLOR_NAME = AccentColor;
				CODE_SIGN_STYLE = Automatic;
				DEVELOPMENT_TEAM = B9R854R4A6;
				INFOPLIST_FILE = TestApp/Info.plist;
				LD_RUNPATH_SEARCH_PATHS = (
					"$(inherited)",
					"@executable_path/Frameworks",
				);
				PRODUCT_BUNDLE_IDENTIFIER = Freelance.TestApp;
				PRODUCT_NAME = "$(TARGET_NAME)";
				SWIFT_VERSION = 5.0;
				TARGETED_DEVICE_FAMILY = "1,2";
			};
			name = Release;
		};
		09EE733B26681AC300AA3880 /* Debug */ = {
			isa = XCBuildConfiguration;
			buildSettings = {
				ALWAYS_EMBED_SWIFT_STANDARD_LIBRARIES = YES;
				BUNDLE_LOADER = "$(TEST_HOST)";
				CODE_SIGN_STYLE = Automatic;
				DEVELOPMENT_TEAM = B9R854R4A6;
				INFOPLIST_FILE = TestAppTests/Info.plist;
				IPHONEOS_DEPLOYMENT_TARGET = 14.5;
				LD_RUNPATH_SEARCH_PATHS = (
					"$(inherited)",
					"@executable_path/Frameworks",
					"@loader_path/Frameworks",
				);
				PRODUCT_BUNDLE_IDENTIFIER = Freelance.TestAppTests;
				PRODUCT_NAME = "$(TARGET_NAME)";
				SWIFT_VERSION = 5.0;
				TARGETED_DEVICE_FAMILY = "1,2";
				TEST_HOST = "$(BUILT_PRODUCTS_DIR)/TestApp.app/TestApp";
			};
			name = Debug;
		};
		09EE733C26681AC300AA3880 /* Release */ = {
			isa = XCBuildConfiguration;
			buildSettings = {
				ALWAYS_EMBED_SWIFT_STANDARD_LIBRARIES = YES;
				BUNDLE_LOADER = "$(TEST_HOST)";
				CODE_SIGN_STYLE = Automatic;
				DEVELOPMENT_TEAM = B9R854R4A6;
				INFOPLIST_FILE = TestAppTests/Info.plist;
				IPHONEOS_DEPLOYMENT_TARGET = 14.5;
				LD_RUNPATH_SEARCH_PATHS = (
					"$(inherited)",
					"@executable_path/Frameworks",
					"@loader_path/Frameworks",
				);
				PRODUCT_BUNDLE_IDENTIFIER = Freelance.TestAppTests;
				PRODUCT_NAME = "$(TARGET_NAME)";
				SWIFT_VERSION = 5.0;
				TARGETED_DEVICE_FAMILY = "1,2";
				TEST_HOST = "$(BUILT_PRODUCTS_DIR)/TestApp.app/TestApp";
			};
			name = Release;
		};
		09EE733E26681AC300AA3880 /* Debug */ = {
			isa = XCBuildConfiguration;
			buildSettings = {
				ALWAYS_EMBED_SWIFT_STANDARD_LIBRARIES = YES;
				CODE_SIGN_STYLE = Automatic;
				DEVELOPMENT_TEAM = B9R854R4A6;
				INFOPLIST_FILE = TestAppUITests/Info.plist;
				LD_RUNPATH_SEARCH_PATHS = (
					"$(inherited)",
					"@executable_path/Frameworks",
					"@loader_path/Frameworks",
				);
				PRODUCT_BUNDLE_IDENTIFIER = Freelance.TestAppUITests;
				PRODUCT_NAME = "$(TARGET_NAME)";
				SWIFT_VERSION = 5.0;
				TARGETED_DEVICE_FAMILY = "1,2";
				TEST_TARGET_NAME = TestApp;
			};
			name = Debug;
		};
		09EE733F26681AC300AA3880 /* Release */ = {
			isa = XCBuildConfiguration;
			buildSettings = {
				ALWAYS_EMBED_SWIFT_STANDARD_LIBRARIES = YES;
				CODE_SIGN_STYLE = Automatic;
				DEVELOPMENT_TEAM = B9R854R4A6;
				INFOPLIST_FILE = TestAppUITests/Info.plist;
				LD_RUNPATH_SEARCH_PATHS = (
					"$(inherited)",
					"@executable_path/Frameworks",
					"@loader_path/Frameworks",
				);
				PRODUCT_BUNDLE_IDENTIFIER = Freelance.TestAppUITests;
				PRODUCT_NAME = "$(TARGET_NAME)";
				SWIFT_VERSION = 5.0;
				TARGETED_DEVICE_FAMILY = "1,2";
				TEST_TARGET_NAME = TestApp;
			};
			name = Release;
		};
/* End XCBuildConfiguration section */

/* Begin XCConfigurationList section */
		09EE730826681AC000AA3880 /* Build configuration list for PBXProject "TestApp" */ = {
			isa = XCConfigurationList;
			buildConfigurations = (
				09EE733526681AC300AA3880 /* Debug */,
				09EE733626681AC300AA3880 /* Release */,
			);
			defaultConfigurationIsVisible = 0;
			defaultConfigurationName = Release;
		};
		09EE733726681AC300AA3880 /* Build configuration list for PBXNativeTarget "TestApp" */ = {
			isa = XCConfigurationList;
			buildConfigurations = (
				09EE733826681AC300AA3880 /* Debug */,
				09EE733926681AC300AA3880 /* Release */,
			);
			defaultConfigurationIsVisible = 0;
			defaultConfigurationName = Release;
		};
		09EE733A26681AC300AA3880 /* Build configuration list for PBXNativeTarget "TestAppTests" */ = {
			isa = XCConfigurationList;
			buildConfigurations = (
				09EE733B26681AC300AA3880 /* Debug */,
				09EE733C26681AC300AA3880 /* Release */,
			);
			defaultConfigurationIsVisible = 0;
			defaultConfigurationName = Release;
		};
		09EE733D26681AC300AA3880 /* Build configuration list for PBXNativeTarget "TestAppUITests" */ = {
			isa = XCConfigurationList;
			buildConfigurations = (
				09EE733E26681AC300AA3880 /* Debug */,
				09EE733F26681AC300AA3880 /* Release */,
			);
			defaultConfigurationIsVisible = 0;
			defaultConfigurationName = Release;
		};
/* End XCConfigurationList section */
	};
	rootObject = 09EE730526681AC000AA3880 /* Project object */;
}
